
Microsoft Visual Studio Solution File, Format Version 12.00
# Visual Studio Version 16
VisualStudioVersion = 16.0.30804.86
MinimumVisualStudioVersion = 10.0.40219.1
Project("{FAE04EC0-301F-11D3-BF4B-00C04F79EFBC}") = "ConsoleApp1", "ConsoleApp1\ConsoleApp1.csproj", "{1B1D5345-13A2-48BB-807B-C56E5A4E686D}"
EndProject
Project("{9A19103F-16F7-4668-BE54-9A1E7A4F7556}") = "Machine Learning Stop MotionML.Model", "Machine Learning Stop MotionML.Model\Machine Learning Stop MotionML.Model.csproj", "{ACB010C7-E353-422D-ADD1-A116D4B938A9}"
EndProject
Project("{9A19103F-16F7-4668-BE54-9A1E7A4F7556}") = "Machine Learning Stop MotionML.ConsoleApp", "Machine Learning Stop MotionML.ConsoleApp\Machine Learning Stop MotionML.ConsoleApp.csproj", "{BC1FD984-2262-48F8-9DF7-4E1E285DC241}"
EndProject
Global
	GlobalSection(SolutionConfigurationPlatforms) = preSolution
		Debug|Any CPU = Debug|Any CPU
		Release|Any CPU = Release|Any CPU
	EndGlobalSection
	GlobalSection(ProjectConfigurationPlatforms) = postSolution
		{1B1D5345-13A2-48BB-807B-C56E5A4E686D}.Debug|Any CPU.ActiveCfg = Debug|Any CPU
		{1B1D5345-13A2-48BB-807B-C56E5A4E686D}.Debug|Any CPU.Build.0 = Debug|Any CPU
		{1B1D5345-13A2-48BB-807B-C56E5A4E686D}.Release|Any CPU.ActiveCfg = Release|Any CPU
		{1B1D5345-13A2-48BB-807B-C56E5A4E686D}.Release|Any CPU.Build.0 = Release|Any CPU
		{ACB010C7-E353-422D-ADD1-A116D4B938A9}.Debug|Any CPU.ActiveCfg = Debug|Any CPU
		{ACB010C7-E353-422D-ADD1-A116D4B938A9}.Debug|Any CPU.Build.0 = Debug|Any CPU
		{ACB010C7-E353-422D-ADD1-A116D4B938A9}.Release|Any CPU.ActiveCfg = Release|Any CPU
		{ACB010C7-E353-422D-ADD1-A116D4B938A9}.Release|Any CPU.Build.0 = Release|Any CPU
		{BC1FD984-2262-48F8-9DF7-4E1E285DC241}.Debug|Any CPU.ActiveCfg = Debug|Any CPU
		{BC1FD984-2262-48F8-9DF7-4E1E285DC241}.Debug|Any CPU.Build.0 = Debug|Any CPU
		{BC1FD984-2262-48F8-9DF7-4E1E285DC241}.Release|Any CPU.ActiveCfg = Release|Any CPU
		{BC1FD984-2262-48F8-9DF7-4E1E285DC241}.Release|Any CPU.Build.0 = Release|Any CPU
	EndGlobalSection
	GlobalSection(SolutionProperties) = preSolution
		HideSolutionNode = FALSE
	EndGlobalSection
	GlobalSection(ExtensibilityGlobals) = postSolution
		SolutionGuid = {4ED28526-B8C5-4F6B-BF9C-7C1BCF28C957}
	EndGlobalSection
EndGlobal
